
Microsoft Visual Studio Solution File, Format Version 12.00
# Visual Studio Version 17
VisualStudioVersion = 17.0.31919.166
MinimumVisualStudioVersion = 10.0.40219.1
Project("{FAE04EC0-301F-11D3-BF4B-00C04F79EFBC}") = "short-url-service", "short-url-service.csproj", "{EDCC1B2E-CA3F-4F22-9F18-701B2580CA97}"
EndProject
Global
	GlobalSection(SolutionConfigurationPlatforms) = preSolution
		Debug|Any CPU = Debug|Any CPU
		Release|Any CPU = Release|Any CPU
	EndGlobalSection
	GlobalSection(ProjectConfigurationPlatforms) = postSolution
		{EDCC1B2E-CA3F-4F22-9F18-701B2580CA97}.Debug|Any CPU.ActiveCfg = Debug|Any CPU
		{EDCC1B2E-CA3F-4F22-9F18-701B2580CA97}.Debug|Any CPU.Build.0 = Debug|Any CPU
		{EDCC1B2E-CA3F-4F22-9F18-701B2580CA97}.Release|Any CPU.ActiveCfg = Release|Any CPU
		{EDCC1B2E-CA3F-4F22-9F18-701B2580CA97}.Release|Any CPU.Build.0 = Release|Any CPU
	EndGlobalSection
	GlobalSection(SolutionProperties) = preSolution
		HideSolutionNode = FALSE
	EndGlobalSection
	GlobalSection(ExtensibilityGlobals) = postSolution
		SolutionGuid = {74F758E1-D438-494F-9E7E-47D8E65840B9}
	EndGlobalSection
EndGlobal
